
Microsoft Visual Studio Solution File, Format Version 12.00
# Visual Studio Version 16
VisualStudioVersion = 16.0.29009.5
MinimumVisualStudioVersion = 10.0.40219.1
Project("{FAE04EC0-301F-11D3-BF4B-00C04F79EFBC}") = "Metodi", "Metodi\Metodi.csproj", "{923EECCF-260D-4DAF-AB03-97377D3F3420}"
EndProject
Project("{FAE04EC0-301F-11D3-BF4B-00C04F79EFBC}") = "TestMetodi", "TestMetodi\TestMetodi.csproj", "{399062F7-A5B4-4CAE-AC61-E65CFED38A42}"
EndProject
Global
	GlobalSection(SolutionConfigurationPlatforms) = preSolution
		Debug|Any CPU = Debug|Any CPU
		Release|Any CPU = Release|Any CPU
	EndGlobalSection
	GlobalSection(ProjectConfigurationPlatforms) = postSolution
		{923EECCF-260D-4DAF-AB03-97377D3F3420}.Debug|Any CPU.ActiveCfg = Debug|Any CPU
		{923EECCF-260D-4DAF-AB03-97377D3F3420}.Debug|Any CPU.Build.0 = Debug|Any CPU
		{923EECCF-260D-4DAF-AB03-97377D3F3420}.Release|Any CPU.ActiveCfg = Release|Any CPU
		{923EECCF-260D-4DAF-AB03-97377D3F3420}.Release|Any CPU.Build.0 = Release|Any CPU
		{399062F7-A5B4-4CAE-AC61-E65CFED38A42}.Debug|Any CPU.ActiveCfg = Debug|Any CPU
		{399062F7-A5B4-4CAE-AC61-E65CFED38A42}.Debug|Any CPU.Build.0 = Debug|Any CPU
		{399062F7-A5B4-4CAE-AC61-E65CFED38A42}.Release|Any CPU.ActiveCfg = Release|Any CPU
		{399062F7-A5B4-4CAE-AC61-E65CFED38A42}.Release|Any CPU.Build.0 = Release|Any CPU
	EndGlobalSection
	GlobalSection(SolutionProperties) = preSolution
		HideSolutionNode = FALSE
	EndGlobalSection
	GlobalSection(ExtensibilityGlobals) = postSolution
		SolutionGuid = {8EFFE2CC-DCB7-4D6B-BC7B-238652A6D329}
	EndGlobalSection
EndGlobal
